
Microsoft Visual Studio Solution File, Format Version 12.00
# Visual Studio 2013
VisualStudioVersion = 12.0.40629.0
MinimumVisualStudioVersion = 10.0.40219.1
Project("{FAE04EC0-301F-11D3-BF4B-00C04F79EFBC}") = "UVliPiD", "LipidDeNovo\UVliPiD.csproj", "{0F7D6601-BD08-455F-87FE-C6D1CF42E72A}"
EndProject
Global
	GlobalSection(TeamFoundationVersionControl) = preSolution
		SccNumberOfProjects = 2
		SccEnterpriseProvider = {4CA58AB2-18FA-4F8D-95D4-32DDF27D184C}
		SccTeamFoundationServer = https://bazookia.visualstudio.com/defaultcollection
		SccLocalPath0 = .
		SccProjectUniqueName1 = LipidDeNovo\\UVliPiD.csproj
		SccProjectName1 = LipidDeNovo
		SccLocalPath1 = LipidDeNovo
	EndGlobalSection
	GlobalSection(SolutionConfigurationPlatforms) = preSolution
		Debug|Any CPU = Debug|Any CPU
		Release|Any CPU = Release|Any CPU
	EndGlobalSection
	GlobalSection(ProjectConfigurationPlatforms) = postSolution
		{0F7D6601-BD08-455F-87FE-C6D1CF42E72A}.Debug|Any CPU.ActiveCfg = Debug|Any CPU
		{0F7D6601-BD08-455F-87FE-C6D1CF42E72A}.Debug|Any CPU.Build.0 = Debug|Any CPU
		{0F7D6601-BD08-455F-87FE-C6D1CF42E72A}.Release|Any CPU.ActiveCfg = Release|Any CPU
		{0F7D6601-BD08-455F-87FE-C6D1CF42E72A}.Release|Any CPU.Build.0 = Release|Any CPU
	EndGlobalSection
	GlobalSection(SolutionProperties) = preSolution
		HideSolutionNode = FALSE
	EndGlobalSection
EndGlobal
